lockfileVersion: '9.0'

settings:
  autoInstallPeers: true
  excludeLinksFromLockfile: false

importers:

  .:
    dependencies:
      '@hyperupcall/config-utils':
        specifier: ^0.1.0
        version: 0.1.0

packages:

  '@hyperupcall/config-utils@0.1.0':
    resolution: {integrity: sha512-lLWnaKd9aZ01Qcl8S/U0X3Vxs53lKjfSh07y4rVsYjkWnnSXhXmz7Lm2kbIo265qklISOgFblwAaYgE55KhA3g==}

snapshots:

  '@hyperupcall/config-utils@0.1.0': {}
